
Microsoft Visual Studio Solution File, Format Version 12.00
# Visual Studio Version 17
VisualStudioVersion = 17.0.31903.59
MinimumVisualStudioVersion = 10.0.40219.1
Project("{FAE04EC0-301F-11D3-BF4B-00C04F79EFBC}") = "Client", "Client.csproj", "{0516EE95-C63A-4333-8281-591F772CF8E7}"
EndProject
Project("{9A19103F-16F7-4668-BE54-9A1E7A4F7556}") = "RemoteControlCoreLibrary", "..\RemoteControlCoreLibrary\RemoteControlCoreLibrary.csproj", "{FBDD7AE4-5209-487F-9A48-E829C0801848}"
EndProject
Project("{9A19103F-16F7-4668-BE54-9A1E7A4F7556}") = "RemoteControlSharedLibrary", "..\RemoteControlSharedLibrary\RemoteControlSharedLibrary.csproj", "{3576C70A-8F40-432F-B5F6-88C343259318}"
EndProject
Global
	GlobalSection(SolutionConfigurationPlatforms) = preSolution
		Debug|Any CPU = Debug|Any CPU
		Release|Any CPU = Release|Any CPU
	EndGlobalSection
	GlobalSection(ProjectConfigurationPlatforms) = postSolution
		{0516EE95-C63A-4333-8281-591F772CF8E7}.Debug|Any CPU.ActiveCfg = Debug|Any CPU
		{0516EE95-C63A-4333-8281-591F772CF8E7}.Debug|Any CPU.Build.0 = Debug|Any CPU
		{0516EE95-C63A-4333-8281-591F772CF8E7}.Release|Any CPU.ActiveCfg = Release|Any CPU
		{0516EE95-C63A-4333-8281-591F772CF8E7}.Release|Any CPU.Build.0 = Release|Any CPU
		{FBDD7AE4-5209-487F-9A48-E829C0801848}.Debug|Any CPU.ActiveCfg = Debug|Any CPU
		{FBDD7AE4-5209-487F-9A48-E829C0801848}.Debug|Any CPU.Build.0 = Debug|Any CPU
		{FBDD7AE4-5209-487F-9A48-E829C0801848}.Release|Any CPU.ActiveCfg = Release|Any CPU
		{FBDD7AE4-5209-487F-9A48-E829C0801848}.Release|Any CPU.Build.0 = Release|Any CPU
		{3576C70A-8F40-432F-B5F6-88C343259318}.Debug|Any CPU.ActiveCfg = Debug|Any CPU
		{3576C70A-8F40-432F-B5F6-88C343259318}.Debug|Any CPU.Build.0 = Debug|Any CPU
		{3576C70A-8F40-432F-B5F6-88C343259318}.Release|Any CPU.ActiveCfg = Release|Any CPU
		{3576C70A-8F40-432F-B5F6-88C343259318}.Release|Any CPU.Build.0 = Release|Any CPU
	EndGlobalSection
	GlobalSection(SolutionProperties) = preSolution
		HideSolutionNode = FALSE
	EndGlobalSection
	GlobalSection(ExtensibilityGlobals) = postSolution
		SolutionGuid = {BF3CB710-E4E2-46AA-9D8B-687ECD232E40}
	EndGlobalSection
EndGlobal
