
Microsoft Visual Studio Solution File, Format Version 12.00
# Visual Studio Version 17
VisualStudioVersion = 17.0.31903.59
MinimumVisualStudioVersion = 10.0.40219.1
Project("{9A19103F-16F7-4668-BE54-9A1E7A4F7556}") = "Host.WPF", "Host.WPF\Host.WPF.csproj", "{79B151FC-58CA-477D-8086-C78B8F2F3B19}"
EndProject
Project("{9A19103F-16F7-4668-BE54-9A1E7A4F7556}") = "Host.Blazor", "Host.Blazor\Host.Blazor.csproj", "{D863D7B3-AD93-4381-AD84-65DCBF7AC89F}"
EndProject
Project("{9A19103F-16F7-4668-BE54-9A1E7A4F7556}") = "RemoteControlCoreLibrary", "..\RemoteControlCoreLibrary\RemoteControlCoreLibrary.csproj", "{122DF9A2-69E9-448E-972A-F1EF97ECEC40}"
EndProject
Project("{9A19103F-16F7-4668-BE54-9A1E7A4F7556}") = "RemoteControlSharedLibrary", "..\RemoteControlSharedLibrary\RemoteControlSharedLibrary.csproj", "{BE59D5EC-9EC4-4462-9AD7-831029F700D6}"
EndProject
Global
	GlobalSection(SolutionConfigurationPlatforms) = preSolution
		Debug|Any CPU = Debug|Any CPU
		Release|Any CPU = Release|Any CPU
	EndGlobalSection
	GlobalSection(ProjectConfigurationPlatforms) = postSolution
		{79B151FC-58CA-477D-8086-C78B8F2F3B19}.Debug|Any CPU.ActiveCfg = Debug|Any CPU
		{79B151FC-58CA-477D-8086-C78B8F2F3B19}.Debug|Any CPU.Build.0 = Debug|Any CPU
		{79B151FC-58CA-477D-8086-C78B8F2F3B19}.Release|Any CPU.ActiveCfg = Release|Any CPU
		{79B151FC-58CA-477D-8086-C78B8F2F3B19}.Release|Any CPU.Build.0 = Release|Any CPU
		{D863D7B3-AD93-4381-AD84-65DCBF7AC89F}.Debug|Any CPU.ActiveCfg = Debug|Any CPU
		{D863D7B3-AD93-4381-AD84-65DCBF7AC89F}.Debug|Any CPU.Build.0 = Debug|Any CPU
		{D863D7B3-AD93-4381-AD84-65DCBF7AC89F}.Release|Any CPU.ActiveCfg = Release|Any CPU
		{D863D7B3-AD93-4381-AD84-65DCBF7AC89F}.Release|Any CPU.Build.0 = Release|Any CPU
		{122DF9A2-69E9-448E-972A-F1EF97ECEC40}.Debug|Any CPU.ActiveCfg = Debug|Any CPU
		{122DF9A2-69E9-448E-972A-F1EF97ECEC40}.Debug|Any CPU.Build.0 = Debug|Any CPU
		{122DF9A2-69E9-448E-972A-F1EF97ECEC40}.Release|Any CPU.ActiveCfg = Release|Any CPU
		{122DF9A2-69E9-448E-972A-F1EF97ECEC40}.Release|Any CPU.Build.0 = Release|Any CPU
		{BE59D5EC-9EC4-4462-9AD7-831029F700D6}.Debug|Any CPU.ActiveCfg = Debug|Any CPU
		{BE59D5EC-9EC4-4462-9AD7-831029F700D6}.Debug|Any CPU.Build.0 = Debug|Any CPU
		{BE59D5EC-9EC4-4462-9AD7-831029F700D6}.Release|Any CPU.ActiveCfg = Release|Any CPU
		{BE59D5EC-9EC4-4462-9AD7-831029F700D6}.Release|Any CPU.Build.0 = Release|Any CPU
	EndGlobalSection
	GlobalSection(SolutionProperties) = preSolution
		HideSolutionNode = FALSE
	EndGlobalSection
	GlobalSection(ExtensibilityGlobals) = postSolution
		SolutionGuid = {417CFF5B-57E8-47CC-8FB8-E08863CA446E}
	EndGlobalSection
EndGlobal
